
Microsoft Visual Studio Solution File, Format Version 12.00
# Visual Studio Version 17
VisualStudioVersion = 17.3.32819.101
MinimumVisualStudioVersion = 10.0.40219.1
Project("{9A19103F-16F7-4668-BE54-9A1E7A4F7556}") = "MorseSharp", "MorseSharp\MorseSharp.csproj", "{920EEF40-90BB-4B30-B11F-0ABA4F6D9E47}"
EndProject
Project("{9A19103F-16F7-4668-BE54-9A1E7A4F7556}") = "MorseTest", "MorseTest\MorseTest.csproj", "{2C868438-917E-4216-A29B-73470E2AC31F}"
EndProject
Project("{9A19103F-16F7-4668-BE54-9A1E7A4F7556}") = "ConsoleExample", "Example\ConsoleExample.csproj", "{5209A0AB-CB2B-4E0E-8A53-5193607516C3}"
EndProject
Project("{9A19103F-16F7-4668-BE54-9A1E7A4F7556}") = "AudioExample", "AudioExample\AudioExample.csproj", "{4A028B6C-2BB1-4A57-B259-9AB94EE3D353}"
EndProject
Global
	GlobalSection(SolutionConfigurationPlatforms) = preSolution
		Debug|Any CPU = Debug|Any CPU
		Debug|ARM = Debug|ARM
		Debug|ARM64 = Debug|ARM64
		Debug|x64 = Debug|x64
		Debug|x86 = Debug|x86
		Release|Any CPU = Release|Any CPU
		Release|ARM = Release|ARM
		Release|ARM64 = Release|ARM64
		Release|x64 = Release|x64
		Release|x86 = Release|x86
	EndGlobalSection
	GlobalSection(ProjectConfigurationPlatforms) = postSolution
		{920EEF40-90BB-4B30-B11F-0ABA4F6D9E47}.Debug|Any CPU.ActiveCfg = Debug|Any CPU
		{920EEF40-90BB-4B30-B11F-0ABA4F6D9E47}.Debug|Any CPU.Build.0 = Debug|Any CPU
		{920EEF40-90BB-4B30-B11F-0ABA4F6D9E47}.Debug|ARM.ActiveCfg = Debug|Any CPU
		{920EEF40-90BB-4B30-B11F-0ABA4F6D9E47}.Debug|ARM.Build.0 = Debug|Any CPU
		{920EEF40-90BB-4B30-B11F-0ABA4F6D9E47}.Debug|ARM64.ActiveCfg = Debug|Any CPU
		{920EEF40-90BB-4B30-B11F-0ABA4F6D9E47}.Debug|ARM64.Build.0 = Debug|Any CPU
		{920EEF40-90BB-4B30-B11F-0ABA4F6D9E47}.Debug|x64.ActiveCfg = Debug|Any CPU
		{920EEF40-90BB-4B30-B11F-0ABA4F6D9E47}.Debug|x64.Build.0 = Debug|Any CPU
		{920EEF40-90BB-4B30-B11F-0ABA4F6D9E47}.Debug|x86.ActiveCfg = Debug|Any CPU
		{920EEF40-90BB-4B30-B11F-0ABA4F6D9E47}.Debug|x86.Build.0 = Debug|Any CPU
		{920EEF40-90BB-4B30-B11F-0ABA4F6D9E47}.Release|Any CPU.ActiveCfg = Release|Any CPU
		{920EEF40-90BB-4B30-B11F-0ABA4F6D9E47}.Release|Any CPU.Build.0 = Release|Any CPU
		{920EEF40-90BB-4B30-B11F-0ABA4F6D9E47}.Release|ARM.ActiveCfg = Release|Any CPU
		{920EEF40-90BB-4B30-B11F-0ABA4F6D9E47}.Release|ARM.Build.0 = Release|Any CPU
		{920EEF40-90BB-4B30-B11F-0ABA4F6D9E47}.Release|ARM64.ActiveCfg = Release|Any CPU
		{920EEF40-90BB-4B30-B11F-0ABA4F6D9E47}.Release|ARM64.Build.0 = Release|Any CPU
		{920EEF40-90BB-4B30-B11F-0ABA4F6D9E47}.Release|x64.ActiveCfg = Release|Any CPU
		{920EEF40-90BB-4B30-B11F-0ABA4F6D9E47}.Release|x64.Build.0 = Release|Any CPU
		{920EEF40-90BB-4B30-B11F-0ABA4F6D9E47}.Release|x86.ActiveCfg = Release|Any CPU
		{920EEF40-90BB-4B30-B11F-0ABA4F6D9E47}.Release|x86.Build.0 = Release|Any CPU
		{2C868438-917E-4216-A29B-73470E2AC31F}.Debug|Any CPU.ActiveCfg = Debug|Any CPU
		{2C868438-917E-4216-A29B-73470E2AC31F}.Debug|Any CPU.Build.0 = Debug|Any CPU
		{2C868438-917E-4216-A29B-73470E2AC31F}.Debug|ARM.ActiveCfg = Debug|Any CPU
		{2C868438-917E-4216-A29B-73470E2AC31F}.Debug|ARM.Build.0 = Debug|Any CPU
		{2C868438-917E-4216-A29B-73470E2AC31F}.Debug|ARM64.ActiveCfg = Debug|Any CPU
		{2C868438-917E-4216-A29B-73470E2AC31F}.Debug|ARM64.Build.0 = Debug|Any CPU
		{2C868438-917E-4216-A29B-73470E2AC31F}.Debug|x64.ActiveCfg = Debug|Any CPU
		{2C868438-917E-4216-A29B-73470E2AC31F}.Debug|x64.Build.0 = Debug|Any CPU
		{2C868438-917E-4216-A29B-73470E2AC31F}.Debug|x86.ActiveCfg = Debug|Any CPU
		{2C868438-917E-4216-A29B-73470E2AC31F}.Debug|x86.Build.0 = Debug|Any CPU
		{2C868438-917E-4216-A29B-73470E2AC31F}.Release|Any CPU.ActiveCfg = Release|Any CPU
		{2C868438-917E-4216-A29B-73470E2AC31F}.Release|Any CPU.Build.0 = Release|Any CPU
		{2C868438-917E-4216-A29B-73470E2AC31F}.Release|ARM.ActiveCfg = Release|Any CPU
		{2C868438-917E-4216-A29B-73470E2AC31F}.Release|ARM.Build.0 = Release|Any CPU
		{2C868438-917E-4216-A29B-73470E2AC31F}.Release|ARM64.ActiveCfg = Release|Any CPU
		{2C868438-917E-4216-A29B-73470E2AC31F}.Release|ARM64.Build.0 = Release|Any CPU
		{2C868438-917E-4216-A29B-73470E2AC31F}.Release|x64.ActiveCfg = Release|Any CPU
		{2C868438-917E-4216-A29B-73470E2AC31F}.Release|x64.Build.0 = Release|Any CPU
		{2C868438-917E-4216-A29B-73470E2AC31F}.Release|x86.ActiveCfg = Release|Any CPU
		{2C868438-917E-4216-A29B-73470E2AC31F}.Release|x86.Build.0 = Release|Any CPU
		{5209A0AB-CB2B-4E0E-8A53-5193607516C3}.Debug|Any CPU.ActiveCfg = Debug|Any CPU
		{5209A0AB-CB2B-4E0E-8A53-5193607516C3}.Debug|Any CPU.Build.0 = Debug|Any CPU
		{5209A0AB-CB2B-4E0E-8A53-5193607516C3}.Debug|ARM.ActiveCfg = Debug|Any CPU
		{5209A0AB-CB2B-4E0E-8A53-5193607516C3}.Debug|ARM.Build.0 = Debug|Any CPU
		{5209A0AB-CB2B-4E0E-8A53-5193607516C3}.Debug|ARM64.ActiveCfg = Debug|Any CPU
		{5209A0AB-CB2B-4E0E-8A53-5193607516C3}.Debug|ARM64.Build.0 = Debug|Any CPU
		{5209A0AB-CB2B-4E0E-8A53-5193607516C3}.Debug|x64.ActiveCfg = Debug|Any CPU
		{5209A0AB-CB2B-4E0E-8A53-5193607516C3}.Debug|x64.Build.0 = Debug|Any CPU
		{5209A0AB-CB2B-4E0E-8A53-5193607516C3}.Debug|x86.ActiveCfg = Debug|Any CPU
		{5209A0AB-CB2B-4E0E-8A53-5193607516C3}.Debug|x86.Build.0 = Debug|Any CPU
		{5209A0AB-CB2B-4E0E-8A53-5193607516C3}.Release|Any CPU.ActiveCfg = Release|Any CPU
		{5209A0AB-CB2B-4E0E-8A53-5193607516C3}.Release|Any CPU.Build.0 = Release|Any CPU
		{5209A0AB-CB2B-4E0E-8A53-5193607516C3}.Release|ARM.ActiveCfg = Release|Any CPU
		{5209A0AB-CB2B-4E0E-8A53-5193607516C3}.Release|ARM.Build.0 = Release|Any CPU
		{5209A0AB-CB2B-4E0E-8A53-5193607516C3}.Release|ARM64.ActiveCfg = Release|Any CPU
		{5209A0AB-CB2B-4E0E-8A53-5193607516C3}.Release|ARM64.Build.0 = Release|Any CPU
		{5209A0AB-CB2B-4E0E-8A53-5193607516C3}.Release|x64.ActiveCfg = Release|Any CPU
		{5209A0AB-CB2B-4E0E-8A53-5193607516C3}.Release|x64.Build.0 = Release|Any CPU
		{5209A0AB-CB2B-4E0E-8A53-5193607516C3}.Release|x86.ActiveCfg = Release|Any CPU
		{5209A0AB-CB2B-4E0E-8A53-5193607516C3}.Release|x86.Build.0 = Release|Any CPU
		{4A028B6C-2BB1-4A57-B259-9AB94EE3D353}.Debug|Any CPU.ActiveCfg = Debug|Any CPU
		{4A028B6C-2BB1-4A57-B259-9AB94EE3D353}.Debug|Any CPU.Build.0 = Debug|Any CPU
		{4A028B6C-2BB1-4A57-B259-9AB94EE3D353}.Debug|ARM.ActiveCfg = Debug|Any CPU
		{4A028B6C-2BB1-4A57-B259-9AB94EE3D353}.Debug|ARM.Build.0 = Debug|Any CPU
		{4A028B6C-2BB1-4A57-B259-9AB94EE3D353}.Debug|ARM64.ActiveCfg = Debug|Any CPU
		{4A028B6C-2BB1-4A57-B259-9AB94EE3D353}.Debug|ARM64.Build.0 = Debug|Any CPU
		{4A028B6C-2BB1-4A57-B259-9AB94EE3D353}.Debug|x64.ActiveCfg = Debug|Any CPU
		{4A028B6C-2BB1-4A57-B259-9AB94EE3D353}.Debug|x64.Build.0 = Debug|Any CPU
		{4A028B6C-2BB1-4A57-B259-9AB94EE3D353}.Debug|x86.ActiveCfg = Debug|Any CPU
		{4A028B6C-2BB1-4A57-B259-9AB94EE3D353}.Debug|x86.Build.0 = Debug|Any CPU
		{4A028B6C-2BB1-4A57-B259-9AB94EE3D353}.Release|Any CPU.ActiveCfg = Release|Any CPU
		{4A028B6C-2BB1-4A57-B259-9AB94EE3D353}.Release|Any CPU.Build.0 = Release|Any CPU
		{4A028B6C-2BB1-4A57-B259-9AB94EE3D353}.Release|ARM.ActiveCfg = Release|Any CPU
		{4A028B6C-2BB1-4A57-B259-9AB94EE3D353}.Release|ARM.Build.0 = Release|Any CPU
		{4A028B6C-2BB1-4A57-B259-9AB94EE3D353}.Release|ARM64.ActiveCfg = Release|Any CPU
		{4A028B6C-2BB1-4A57-B259-9AB94EE3D353}.Release|ARM64.Build.0 = Release|Any CPU
		{4A028B6C-2BB1-4A57-B259-9AB94EE3D353}.Release|x64.ActiveCfg = Release|Any CPU
		{4A028B6C-2BB1-4A57-B259-9AB94EE3D353}.Release|x64.Build.0 = Release|Any CPU
		{4A028B6C-2BB1-4A57-B259-9AB94EE3D353}.Release|x86.ActiveCfg = Release|Any CPU
		{4A028B6C-2BB1-4A57-B259-9AB94EE3D353}.Release|x86.Build.0 = Release|Any CPU
	EndGlobalSection
	GlobalSection(SolutionProperties) = preSolution
		HideSolutionNode = FALSE
	EndGlobalSection
	GlobalSection(ExtensibilityGlobals) = postSolution
		SolutionGuid = {C5957AD2-E33F-4CBB-81A2-284153316246}
	EndGlobalSection
EndGlobal
