
Microsoft Visual Studio Solution File, Format Version 12.00
# Visual Studio Version 17
VisualStudioVersion = 17.3.32819.101
MinimumVisualStudioVersion = 10.0.40219.1
Project("{FAE04EC0-301F-11D3-BF4B-00C04F79EFBC}") = "MorseSharp", "MorseSharp\MorseSharp.csproj", "{920EEF40-90BB-4B30-B11F-0ABA4F6D9E47}"
EndProject
Global
	GlobalSection(SolutionConfigurationPlatforms) = preSolution
		Debug|Any CPU = Debug|Any CPU
		Release|Any CPU = Release|Any CPU
	EndGlobalSection
	GlobalSection(ProjectConfigurationPlatforms) = postSolution
		{920EEF40-90BB-4B30-B11F-0ABA4F6D9E47}.Debug|Any CPU.ActiveCfg = Debug|Any CPU
		{920EEF40-90BB-4B30-B11F-0ABA4F6D9E47}.Debug|Any CPU.Build.0 = Debug|Any CPU
		{920EEF40-90BB-4B30-B11F-0ABA4F6D9E47}.Release|Any CPU.ActiveCfg = Release|Any CPU
		{920EEF40-90BB-4B30-B11F-0ABA4F6D9E47}.Release|Any CPU.Build.0 = Release|Any CPU
	EndGlobalSection
	GlobalSection(SolutionProperties) = preSolution
		HideSolutionNode = FALSE
	EndGlobalSection
	GlobalSection(ExtensibilityGlobals) = postSolution
		SolutionGuid = {C5957AD2-E33F-4CBB-81A2-284153316246}
	EndGlobalSection
EndGlobal
